
Microsoft Visual Studio Solution File, Format Version 12.00
# Visual Studio 2013
VisualStudioVersion = 12.0.21005.1
MinimumVisualStudioVersion = 10.0.40219.1
Project("{FAE04EC0-301F-11D3-BF4B-00C04F79EFBC}") = "SistemJualBeli", "SIJualBeli\SistemJualBeli.csproj", "{C204075C-BA42-464E-A79B-3E27EE8478BD}"
EndProject
Project("{FAE04EC0-301F-11D3-BF4B-00C04F79EFBC}") = "JualBeli_LIB", "PenjualanPembelian\JualBeli_LIB.csproj", "{BA758F12-43A9-40BA-9F3E-04375FB605E5}"
EndProject
Global
	GlobalSection(SolutionConfigurationPlatforms) = preSolution
		Debug|Any CPU = Debug|Any CPU
		Release|Any CPU = Release|Any CPU
	EndGlobalSection
	GlobalSection(ProjectConfigurationPlatforms) = postSolution
		{C204075C-BA42-464E-A79B-3E27EE8478BD}.Debug|Any CPU.ActiveCfg = Debug|Any CPU
		{C204075C-BA42-464E-A79B-3E27EE8478BD}.Debug|Any CPU.Build.0 = Debug|Any CPU
		{C204075C-BA42-464E-A79B-3E27EE8478BD}.Release|Any CPU.ActiveCfg = Release|Any CPU
		{C204075C-BA42-464E-A79B-3E27EE8478BD}.Release|Any CPU.Build.0 = Release|Any CPU
		{BA758F12-43A9-40BA-9F3E-04375FB605E5}.Debug|Any CPU.ActiveCfg = Debug|Any CPU
		{BA758F12-43A9-40BA-9F3E-04375FB605E5}.Debug|Any CPU.Build.0 = Debug|Any CPU
		{BA758F12-43A9-40BA-9F3E-04375FB605E5}.Release|Any CPU.ActiveCfg = Release|Any CPU
		{BA758F12-43A9-40BA-9F3E-04375FB605E5}.Release|Any CPU.Build.0 = Release|Any CPU
	EndGlobalSection
	GlobalSection(SolutionProperties) = preSolution
		HideSolutionNode = FALSE
	EndGlobalSection
EndGlobal
